
Microsoft Visual Studio Solution File, Format Version 12.00
# Visual Studio 2013
VisualStudioVersion = 12.0.40629.0
MinimumVisualStudioVersion = 10.0.40219.1
Project("{FAE04EC0-301F-11D3-BF4B-00C04F79EFBC}") = "HTMLHelpers", "HTMLHelpers\HTMLHelpers.csproj", "{753C69DF-D3F7-4D81-84F7-641B73FCED7D}"
EndProject
Project("{FAE04EC0-301F-11D3-BF4B-00C04F79EFBC}") = "StronglyTypedHTMLHelper", "StronglyTypedHTMLHelper\StronglyTypedHTMLHelper.csproj", "{02776948-C81C-4B02-88D5-95DC20C0A4EF}"
EndProject
Global
	GlobalSection(SolutionConfigurationPlatforms) = preSolution
		Debug|Any CPU = Debug|Any CPU
		Release|Any CPU = Release|Any CPU
	EndGlobalSection
	GlobalSection(ProjectConfigurationPlatforms) = postSolution
		{753C69DF-D3F7-4D81-84F7-641B73FCED7D}.Debug|Any CPU.ActiveCfg = Debug|Any CPU
		{753C69DF-D3F7-4D81-84F7-641B73FCED7D}.Debug|Any CPU.Build.0 = Debug|Any CPU
		{753C69DF-D3F7-4D81-84F7-641B73FCED7D}.Release|Any CPU.ActiveCfg = Release|Any CPU
		{753C69DF-D3F7-4D81-84F7-641B73FCED7D}.Release|Any CPU.Build.0 = Release|Any CPU
		{02776948-C81C-4B02-88D5-95DC20C0A4EF}.Debug|Any CPU.ActiveCfg = Debug|Any CPU
		{02776948-C81C-4B02-88D5-95DC20C0A4EF}.Debug|Any CPU.Build.0 = Debug|Any CPU
		{02776948-C81C-4B02-88D5-95DC20C0A4EF}.Release|Any CPU.ActiveCfg = Release|Any CPU
		{02776948-C81C-4B02-88D5-95DC20C0A4EF}.Release|Any CPU.Build.0 = Release|Any CPU
	EndGlobalSection
	GlobalSection(SolutionProperties) = preSolution
		HideSolutionNode = FALSE
	EndGlobalSection
EndGlobal
